
Microsoft Visual Studio Solution File, Format Version 12.00
# Visual Studio Version 17
VisualStudioVersion = 17.9.34607.119
MinimumVisualStudioVersion = 10.0.40219.1
Project("{FAE04EC0-301F-11D3-BF4B-00C04F79EFBC}") = "BlazorAutentication", "BlazorAutentication\BlazorAutentication\BlazorAutentication.csproj", "{87385131-92E3-467C-B4AC-7B3CC2EAD276}"
EndProject
Project("{FAE04EC0-301F-11D3-BF4B-00C04F79EFBC}") = "BlazorAutentication.Client", "BlazorAutentication\BlazorAutentication.Client\BlazorAutentication.Client.csproj", "{1FB6FAB3-1751-4979-BF78-CA4B43AB60D5}"
EndProject
Global
	GlobalSection(SolutionConfigurationPlatforms) = preSolution
		Debug|Any CPU = Debug|Any CPU
		Release|Any CPU = Release|Any CPU
	EndGlobalSection
	GlobalSection(ProjectConfigurationPlatforms) = postSolution
		{87385131-92E3-467C-B4AC-7B3CC2EAD276}.Debug|Any CPU.ActiveCfg = Debug|Any CPU
		{87385131-92E3-467C-B4AC-7B3CC2EAD276}.Debug|Any CPU.Build.0 = Debug|Any CPU
		{87385131-92E3-467C-B4AC-7B3CC2EAD276}.Release|Any CPU.ActiveCfg = Release|Any CPU
		{87385131-92E3-467C-B4AC-7B3CC2EAD276}.Release|Any CPU.Build.0 = Release|Any CPU
		{1FB6FAB3-1751-4979-BF78-CA4B43AB60D5}.Debug|Any CPU.ActiveCfg = Debug|Any CPU
		{1FB6FAB3-1751-4979-BF78-CA4B43AB60D5}.Debug|Any CPU.Build.0 = Debug|Any CPU
		{1FB6FAB3-1751-4979-BF78-CA4B43AB60D5}.Release|Any CPU.ActiveCfg = Release|Any CPU
		{1FB6FAB3-1751-4979-BF78-CA4B43AB60D5}.Release|Any CPU.Build.0 = Release|Any CPU
	EndGlobalSection
	GlobalSection(SolutionProperties) = preSolution
		HideSolutionNode = FALSE
	EndGlobalSection
	GlobalSection(ExtensibilityGlobals) = postSolution
		SolutionGuid = {C08C8B81-7A3A-4A8E-85AA-F39BB13C2913}
	EndGlobalSection
EndGlobal
