
Microsoft Visual Studio Solution File, Format Version 12.00
# Visual Studio Version 17
VisualStudioVersion = 17.9.34607.119
MinimumVisualStudioVersion = 10.0.40219.1
Project("{9A19103F-16F7-4668-BE54-9A1E7A4F7556}") = "MTG_Project", "MTG_Project\MTG_Project.csproj", "{4C0ED422-F945-42A7-AC41-AE3C9BFCD9F2}"
EndProject
Project("{9A19103F-16F7-4668-BE54-9A1E7A4F7556}") = "MTG_Project.Client", "MTG_Project.Client\MTG_Project.Client.csproj", "{9CDF28D8-3D0F-4E98-B9E7-51DE95A73904}"
EndProject
Global
	GlobalSection(SolutionConfigurationPlatforms) = preSolution
		Debug|Any CPU = Debug|Any CPU
		Release|Any CPU = Release|Any CPU
	EndGlobalSection
	GlobalSection(ProjectConfigurationPlatforms) = postSolution
		{4C0ED422-F945-42A7-AC41-AE3C9BFCD9F2}.Debug|Any CPU.ActiveCfg = Debug|Any CPU
		{4C0ED422-F945-42A7-AC41-AE3C9BFCD9F2}.Debug|Any CPU.Build.0 = Debug|Any CPU
		{4C0ED422-F945-42A7-AC41-AE3C9BFCD9F2}.Release|Any CPU.ActiveCfg = Release|Any CPU
		{4C0ED422-F945-42A7-AC41-AE3C9BFCD9F2}.Release|Any CPU.Build.0 = Release|Any CPU
		{9CDF28D8-3D0F-4E98-B9E7-51DE95A73904}.Debug|Any CPU.ActiveCfg = Debug|Any CPU
		{9CDF28D8-3D0F-4E98-B9E7-51DE95A73904}.Debug|Any CPU.Build.0 = Debug|Any CPU
		{9CDF28D8-3D0F-4E98-B9E7-51DE95A73904}.Release|Any CPU.ActiveCfg = Release|Any CPU
		{9CDF28D8-3D0F-4E98-B9E7-51DE95A73904}.Release|Any CPU.Build.0 = Release|Any CPU
	EndGlobalSection
	GlobalSection(SolutionProperties) = preSolution
		HideSolutionNode = FALSE
	EndGlobalSection
	GlobalSection(ExtensibilityGlobals) = postSolution
		SolutionGuid = {C08C8B81-7A3A-4A8E-85AA-F39BB13C2913}
	EndGlobalSection
EndGlobal
